{
  "version": 4,
  "terraform_version": "1.14.8",
  "serial": 24,
  "lineage": "45cc166d-6e64-e96e-911e-0c0f8ae27762",
  "outputs": {},
  "resources": [
    {
      "mode": "managed",
      "type": "aws_key_pair",
      "name": "this",
      "provider": "provider[\"registry.terraform.io/hashicorp/aws\"]",
      "instances": [
        {
          "schema_version": 1,
          "attributes": {
            "arn": "arn:aws:ec2:ap-south-1:315164662091:key-pair/myapp-dev-key",
            "fingerprint": "6f:bf:d4:24:b0:7c:59:3e:47:f6:0a:9d:85:f9:3f:38",
            "id": "myapp-dev-key",
            "key_name": "myapp-dev-key",
            "key_name_prefix": "",
            "key_pair_id": "key-0c93b6935f314d89d",
            "key_type": "rsa",
            "public_key": "ssh-rsa AAAAB3NzaC1yc2EAAAADAQABAAACAQCvxcXjUkBvJ/HWghLDA/aIloCzWMy1DB2HKVJbK/Hy2877rVoIHjAt2ahSGLwYhzC3aZWUs04r9U6p7HUv37LXu2wpoUy7AkXGkQanSNIHTM5RHBpXuICl+ht0vo0CMMajuFLSa4GAsUwyBQVclRr0gfQ3izBkzKNhwo4O1n5i1h9XkS+qj/n+yI9Bazu95g+4a9zjtJn5qvy64Kum2b5BmxBRkxofXEtl7GJlp7a1LwH9hGaPQ4dX6W4EDJF55ryXgfFhUvqkfBrhNLWRkT39403BfLtNu0YAnDAeCN8D00aa6bgjATzIQAwwFs63hdr4Jw0ZpCEAoZkbFU44pRkxEWsa84I5eAmSKO+97NBbpsk3ieFALvG9gXXSJINTDJAQcmhTC+pY9eLSJW46lp/xBCJXv0ec/fYSzY0S8Qnt9i/UvbfFeoi4mvDKjuVU11lhwGUma164Pme5UZFc9fJaL3uHoOgaJRqSSRAs2bmuIywUk55ZlzeS5aF3jHu7nAZYQZ5gxD3QiowccXSBs2WeUpwPdvqf2ntP7pg2wEsHC5WXNmzlum1w3hEAisYtxHqjZ3wLbPNcwEN+umUqntRuCXMWZwe4LjUJigfBjI8MWMfOhJp474TgK4AQ4jS/Egudj9HSDLRzdbhbycvJY+rYjatv0MwHq0KvgIRxR4Gh0Q== milin@Milind_Deore",
            "region": "ap-south-1",
            "tags": null,
            "tags_all": {}
          },
          "sensitive_attributes": [],
          "identity_schema_version": 0,
          "private": "eyJzY2hlbWFfdmVyc2lvbiI6IjEifQ=="
        }
      ]
    },
    {
      "module": "module.ec2",
      "mode": "managed",
      "type": "aws_instance",
      "name": "this",
      "provider": "provider[\"registry.terraform.io/hashicorp/aws\"]",
      "instances": [
        {
          "schema_version": 2,
          "attributes": {
            "ami": "ami-05d2d839d4f73aafb",
            "arn": "arn:aws:ec2:ap-south-1:315164662091:instance/i-0e1a84d6c2db77180",
            "associate_public_ip_address": true,
            "availability_zone": "ap-south-1a",
            "capacity_reservation_specification": [
              {
                "capacity_reservation_preference": "open",
                "capacity_reservation_target": []
              }
            ],
            "cpu_options": [
              {
                "amd_sev_snp": "",
                "core_count": 2,
                "nested_virtualization": "",
                "threads_per_core": 1
              }
            ],
            "credit_specification": [
              {
                "cpu_credits": "standard"
              }
            ],
            "disable_api_stop": false,
            "disable_api_termination": false,
            "ebs_block_device": [],
            "ebs_optimized": false,
            "enable_primary_ipv6": null,
            "enclave_options": [
              {
                "enabled": false
              }
            ],
            "ephemeral_block_device": [],
            "force_destroy": false,
            "get_password_data": false,
            "hibernation": false,
            "host_id": "",
            "host_resource_group_arn": null,
            "iam_instance_profile": "Tejas",
            "id": "i-0e1a84d6c2db77180",
            "instance_initiated_shutdown_behavior": "stop",
            "instance_lifecycle": "",
            "instance_market_options": [],
            "instance_state": "running",
            "instance_type": "t2.medium",
            "ipv6_address_count": 0,
            "ipv6_addresses": [],
            "key_name": "myapp-dev-key",
            "launch_template": [],
            "maintenance_options": [
              {
                "auto_recovery": "default"
              }
            ],
            "metadata_options": [
              {
                "http_endpoint": "enabled",
                "http_protocol_ipv6": "disabled",
                "http_put_response_hop_limit": 2,
                "http_tokens": "required",
                "instance_metadata_tags": "disabled"
              }
            ],
            "monitoring": false,
            "network_interface": [],
            "outpost_arn": "",
            "password_data": "",
            "placement_group": "",
            "placement_group_id": "",
            "placement_partition_number": 0,
            "primary_network_interface": [
              {
                "delete_on_termination": true,
                "network_interface_id": "eni-09ec591eb08b71bd8"
              }
            ],
            "primary_network_interface_id": "eni-09ec591eb08b71bd8",
            "private_dns": "ip-10-0-1-182.ap-south-1.compute.internal",
            "private_dns_name_options": [
              {
                "enable_resource_name_dns_a_record": false,
                "enable_resource_name_dns_aaaa_record": false,
                "hostname_type": "ip-name"
              }
            ],
            "private_ip": "10.0.1.182",
            "public_dns": "ec2-13-235-0-168.ap-south-1.compute.amazonaws.com",
            "public_ip": "13.235.0.168",
            "region": "ap-south-1",
            "root_block_device": [
              {
                "delete_on_termination": true,
                "device_name": "/dev/sda1",
                "encrypted": true,
                "iops": 3000,
                "kms_key_id": "arn:aws:kms:ap-south-1:315164662091:key/ee0b0817-fe58-4580-9662-b0f0c2565ef7",
                "tags": null,
                "tags_all": {},
                "throughput": 125,
                "volume_id": "vol-08e05f66623315d9b",
                "volume_size": 20,
                "volume_type": "gp3"
              }
            ],
            "secondary_network_interface": [],
            "secondary_private_ips": [],
            "security_groups": [],
            "source_dest_check": true,
            "spot_instance_request_id": "",
            "subnet_id": "subnet-0dc4ff349e560ded2",
            "tags": {
              "Name": "myapp-dev-ec2"
            },
            "tags_all": {
              "Name": "myapp-dev-ec2"
            },
            "tenancy": "default",
            "timeouts": null,
            "user_data": null,
            "user_data_base64": null,
            "user_data_replace_on_change": false,
            "volume_tags": null,
            "vpc_security_group_ids": [
              "sg-0a12ac44768cebdae"
            ]
          },
          "sensitive_attributes": [],
          "identity_schema_version": 0,
          "identity": {
            "account_id": "315164662091",
            "id": "i-0e1a84d6c2db77180",
            "region": "ap-south-1"
          },
          "private": "eyJlMmJmYjczMC1lY2FhLTExZTYtOGY4OC0zNDM2M2JjN2M0YzAiOnsiY3JlYXRlIjo2MDAwMDAwMDAwMDAsImRlbGV0ZSI6MTIwMDAwMDAwMDAwMCwicmVhZCI6OTAwMDAwMDAwMDAwLCJ1cGRhdGUiOjYwMDAwMDAwMDAwMH0sInNjaGVtYV92ZXJzaW9uIjoiMiJ9",
          "dependencies": [
            "aws_key_pair.this",
            "module.vpc.aws_subnet.public",
            "module.vpc.aws_vpc.this"
          ]
        }
      ]
    },
    {
      "module": "module.vpc",
      "mode": "managed",
      "type": "aws_internet_gateway",
      "name": "igw",
      "provider": "provider[\"registry.terraform.io/hashicorp/aws\"]",
      "instances": [
        {
          "schema_version": 0,
          "attributes": {
            "arn": "arn:aws:ec2:ap-south-1:315164662091:internet-gateway/igw-00fbb5a39e558d814",
            "id": "igw-00fbb5a39e558d814",
            "owner_id": "315164662091",
            "region": "ap-south-1",
            "tags": {
              "Environment": "dev",
              "Name": "myapp-dev-igw"
            },
            "tags_all": {
              "Environment": "dev",
              "Name": "myapp-dev-igw"
            },
            "timeouts": null,
            "vpc_id": "vpc-0f7c75f0925b9c4f6"
          },
          "sensitive_attributes": [],
          "identity_schema_version": 0,
          "private": "eyJlMmJmYjczMC1lY2FhLTExZTYtOGY4OC0zNDM2M2JjN2M0YzAiOnsiY3JlYXRlIjoxMjAwMDAwMDAwMDAwLCJkZWxldGUiOjEyMDAwMDAwMDAwMDAsInVwZGF0ZSI6MTIwMDAwMDAwMDAwMH19",
          "dependencies": [
            "module.vpc.aws_vpc.this"
          ]
        }
      ]
    },
    {
      "module": "module.vpc",
      "mode": "managed",
      "type": "aws_route_table",
      "name": "public",
      "provider": "provider[\"registry.terraform.io/hashicorp/aws\"]",
      "instances": [
        {
          "schema_version": 0,
          "attributes": {
            "arn": "arn:aws:ec2:ap-south-1:315164662091:route-table/rtb-03b51b2bccdcf09a5",
            "id": "rtb-03b51b2bccdcf09a5",
            "owner_id": "315164662091",
            "propagating_vgws": [],
            "region": "ap-south-1",
            "route": [
              {
                "carrier_gateway_id": "",
                "cidr_block": "0.0.0.0/0",
                "core_network_arn": "",
                "destination_prefix_list_id": "",
                "egress_only_gateway_id": "",
                "gateway_id": "igw-00fbb5a39e558d814",
                "ipv6_cidr_block": "",
                "local_gateway_id": "",
                "nat_gateway_id": "",
                "network_interface_id": "",
                "transit_gateway_id": "",
                "vpc_endpoint_id": "",
                "vpc_peering_connection_id": ""
              }
            ],
            "tags": {
              "Environment": "dev",
              "Name": "myapp-dev-public-rt"
            },
            "tags_all": {
              "Environment": "dev",
              "Name": "myapp-dev-public-rt"
            },
            "timeouts": null,
            "vpc_id": "vpc-0f7c75f0925b9c4f6"
          },
          "sensitive_attributes": [],
          "identity_schema_version": 0,
          "identity": {
            "account_id": "315164662091",
            "id": "rtb-03b51b2bccdcf09a5",
            "region": "ap-south-1"
          },
          "private": "eyJlMmJmYjczMC1lY2FhLTExZTYtOGY4OC0zNDM2M2JjN2M0YzAiOnsiY3JlYXRlIjozMDAwMDAwMDAwMDAsImRlbGV0ZSI6MzAwMDAwMDAwMDAwLCJ1cGRhdGUiOjEyMDAwMDAwMDAwMH19",
          "dependencies": [
            "module.vpc.aws_internet_gateway.igw",
            "module.vpc.aws_vpc.this"
          ]
        }
      ]
    },
    {
      "module": "module.vpc",
      "mode": "managed",
      "type": "aws_route_table_association",
      "name": "public",
      "provider": "provider[\"registry.terraform.io/hashicorp/aws\"]",
      "instances": [
        {
          "schema_version": 0,
          "attributes": {
            "gateway_id": "",
            "id": "rtbassoc-0a373bfc256bbb46d",
            "region": "ap-south-1",
            "route_table_id": "rtb-03b51b2bccdcf09a5",
            "subnet_id": "subnet-0dc4ff349e560ded2",
            "timeouts": null
          },
          "sensitive_attributes": [],
          "identity_schema_version": 0,
          "identity": {
            "account_id": "315164662091",
            "id": "rtbassoc-0a373bfc256bbb46d",
            "region": "ap-south-1"
          },
          "private": "eyJlMmJmYjczMC1lY2FhLTExZTYtOGY4OC0zNDM2M2JjN2M0YzAiOnsiY3JlYXRlIjozMDAwMDAwMDAwMDAsImRlbGV0ZSI6MzAwMDAwMDAwMDAwLCJ1cGRhdGUiOjEyMDAwMDAwMDAwMH19",
          "dependencies": [
            "module.vpc.aws_internet_gateway.igw",
            "module.vpc.aws_route_table.public",
            "module.vpc.aws_subnet.public",
            "module.vpc.aws_vpc.this"
          ]
        }
      ]
    },
    {
      "module": "module.vpc",
      "mode": "managed",
      "type": "aws_subnet",
      "name": "public",
      "provider": "provider[\"registry.terraform.io/hashicorp/aws\"]",
      "instances": [
        {
          "schema_version": 1,
          "attributes": {
            "arn": "arn:aws:ec2:ap-south-1:315164662091:subnet/subnet-0dc4ff349e560ded2",
            "assign_ipv6_address_on_creation": false,
            "availability_zone": "ap-south-1a",
            "availability_zone_id": "aps1-az1",
            "cidr_block": "10.0.1.0/24",
            "customer_owned_ipv4_pool": "",
            "enable_dns64": false,
            "enable_lni_at_device_index": 0,
            "enable_resource_name_dns_a_record_on_launch": false,
            "enable_resource_name_dns_aaaa_record_on_launch": false,
            "id": "subnet-0dc4ff349e560ded2",
            "ipv4_ipam_pool_id": null,
            "ipv4_netmask_length": null,
            "ipv6_cidr_block": "",
            "ipv6_cidr_block_association_id": "",
            "ipv6_ipam_pool_id": null,
            "ipv6_native": false,
            "ipv6_netmask_length": null,
            "map_customer_owned_ip_on_launch": false,
            "map_public_ip_on_launch": true,
            "outpost_arn": "",
            "owner_id": "315164662091",
            "private_dns_hostname_type_on_launch": "ip-name",
            "region": "ap-south-1",
            "tags": {
              "Environment": "dev",
              "Name": "myapp-dev-public-subnet"
            },
            "tags_all": {
              "Environment": "dev",
              "Name": "myapp-dev-public-subnet"
            },
            "timeouts": null,
            "vpc_id": "vpc-0f7c75f0925b9c4f6"
          },
          "sensitive_attributes": [],
          "identity_schema_version": 0,
          "identity": {
            "account_id": "315164662091",
            "id": "subnet-0dc4ff349e560ded2",
            "region": "ap-south-1"
          },
          "private": "eyJlMmJmYjczMC1lY2FhLTExZTYtOGY4OC0zNDM2M2JjN2M0YzAiOnsiY3JlYXRlIjo2MDAwMDAwMDAwMDAsImRlbGV0ZSI6MTIwMDAwMDAwMDAwMH0sInNjaGVtYV92ZXJzaW9uIjoiMSJ9",
          "dependencies": [
            "module.vpc.aws_vpc.this"
          ]
        }
      ]
    },
    {
      "module": "module.vpc",
      "mode": "managed",
      "type": "aws_vpc",
      "name": "this",
      "provider": "provider[\"registry.terraform.io/hashicorp/aws\"]",
      "instances": [
        {
          "schema_version": 1,
          "attributes": {
            "arn": "arn:aws:ec2:ap-south-1:315164662091:vpc/vpc-0f7c75f0925b9c4f6",
            "assign_generated_ipv6_cidr_block": false,
            "cidr_block": "10.0.0.0/16",
            "default_network_acl_id": "acl-00bb4e1896359d293",
            "default_route_table_id": "rtb-0981f46c6d0b05bdb",
            "default_security_group_id": "sg-0a12ac44768cebdae",
            "dhcp_options_id": "dopt-079f5746962a9aa9a",
            "enable_dns_hostnames": true,
            "enable_dns_support": true,
            "enable_network_address_usage_metrics": false,
            "id": "vpc-0f7c75f0925b9c4f6",
            "instance_tenancy": "default",
            "ipv4_ipam_pool_id": null,
            "ipv4_netmask_length": null,
            "ipv6_association_id": "",
            "ipv6_cidr_block": "",
            "ipv6_cidr_block_network_border_group": "",
            "ipv6_ipam_pool_id": "",
            "ipv6_netmask_length": 0,
            "main_route_table_id": "rtb-0981f46c6d0b05bdb",
            "owner_id": "315164662091",
            "region": "ap-south-1",
            "tags": {
              "Environment": "dev",
              "Name": "myapp-dev-vpc"
            },
            "tags_all": {
              "Environment": "dev",
              "Name": "myapp-dev-vpc"
            }
          },
          "sensitive_attributes": [],
          "identity_schema_version": 0,
          "identity": {
            "account_id": "315164662091",
            "id": "vpc-0f7c75f0925b9c4f6",
            "region": "ap-south-1"
          },
          "private": "eyJzY2hlbWFfdmVyc2lvbiI6IjEifQ=="
        }
      ]
    }
  ],
  "check_results": null
}
